
Microsoft Visual Studio Solution File, Format Version 12.00
# Visual Studio Version 16
VisualStudioVersion = 16.0.29102.190
MinimumVisualStudioVersion = 10.0.40219.1
Project("{FAE04EC0-301F-11D3-BF4B-00C04F79EFBC}") = "Chernavik", "Chernavik\Chernavik.csproj", "{01044D5A-9345-4B20-A11A-AFDAAEED8F84}"
EndProject
Global
	GlobalSection(SolutionConfigurationPlatforms) = preSolution
		Debug|Any CPU = Debug|Any CPU
		Release|Any CPU = Release|Any CPU
	EndGlobalSection
	GlobalSection(ProjectConfigurationPlatforms) = postSolution
		{01044D5A-9345-4B20-A11A-AFDAAEED8F84}.Debug|Any CPU.ActiveCfg = Debug|Any CPU
		{01044D5A-9345-4B20-A11A-AFDAAEED8F84}.Debug|Any CPU.Build.0 = Debug|Any CPU
		{01044D5A-9345-4B20-A11A-AFDAAEED8F84}.Release|Any CPU.ActiveCfg = Release|Any CPU
		{01044D5A-9345-4B20-A11A-AFDAAEED8F84}.Release|Any CPU.Build.0 = Release|Any CPU
	EndGlobalSection
	GlobalSection(SolutionProperties) = preSolution
		HideSolutionNode = FALSE
	EndGlobalSection
	GlobalSection(ExtensibilityGlobals) = postSolution
		SolutionGuid = {21B4FC02-7F38-40B5-ABD8-9B89A9F6373D}
	EndGlobalSection
EndGlobal
